// !$*UTF8*$!
{
	archiveVersion = 1;
	classes = {
	};
	objectVersion = 50;
	objects = {

/* Begin PBXBuildFile section */
		321EAFA520B0670C00C8DE35 /* AppDelegate.swift in Sources */ = {isa = PBXBuildFile; fileRef = 321EAFA420B0670C00C8DE35 /* AppDelegate.swift */; };
		321EAFA720B0670D00C8DE35 /* art.scnassets in Resources */ = {isa = PBXBuildFile; fileRef = 321EAFA620B0670D00C8DE35 /* art.scnassets */; };
		321EAFA920B0670E00C8DE35 /* MedicionesViewController.swift in Sources */ = {isa = PBXBuildFile; fileRef = 321EAFA820B0670E00C8DE35 /* MedicionesViewController.swift */; };
		321EAFAC20B0670E00C8DE35 /* Main.storyboard in Resources */ = {isa = PBXBuildFile; fileRef = 321EAFAA20B0670E00C8DE35 /* Main.storyboard */; };
		321EAFAE20B0671E00C8DE35 /* Assets.xcassets in Resources */ = {isa = PBXBuildFile; fileRef = 321EAFAD20B0671E00C8DE35 /* Assets.xcassets */; };
		321EAFB120B0671E00C8DE35 /* LaunchScreen.storyboard in Resources */ = {isa = PBXBuildFile; fileRef = 321EAFAF20B0671E00C8DE35 /* LaunchScreen.storyboard */; };
		321EAFB920B07A0A00C8DE35 /* InicioViewController.swift in Sources */ = {isa = PBXBuildFile; fileRef = 321EAFB820B07A0A00C8DE35 /* InicioViewController.swift */; };
		321EAFBB20B07A3A00C8DE35 /* RegistroViewController.swift in Sources */ = {isa = PBXBuildFile; fileRef = 321EAFBA20B07A3A00C8DE35 /* RegistroViewController.swift */; };
		321EAFBD20B07A4C00C8DE35 /* IniciarSesionViewController.swift in Sources */ = {isa = PBXBuildFile; fileRef = 321EAFBC20B07A4C00C8DE35 /* IniciarSesionViewController.swift */; };
		321EAFBF20B07A5800C8DE35 /* FormularioViewController.swift in Sources */ = {isa = PBXBuildFile; fileRef = 321EAFBE20B07A5800C8DE35 /* FormularioViewController.swift */; };
		321EAFC120B07C3600C8DE35 /* GoogleService-Info-2.plist in Resources */ = {isa = PBXBuildFile; fileRef = 321EAFC020B07C3600C8DE35 /* GoogleService-Info-2.plist */; };
		8B6142C5E7D9ED9A979A834E /* Pods_Nutrey.framework in Frameworks */ = {isa = PBXBuildFile; fileRef = A42389FFCB22C5932F20CE0D /* Pods_Nutrey.framework */; };
/* End PBXBuildFile section */

/* Begin PBXFileReference section */
		321EAFA120B0670C00C8DE35 /* Nutrey.app */ = {isa = PBXFileReference; explicitFileType = wrapper.application; includeInIndex = 0; path = Nutrey.app; sourceTree = BUILT_PRODUCTS_DIR; };
		321EAFA420B0670C00C8DE35 /* AppDelegate.swift */ = {isa = PBXFileReference; lastKnownFileType = sourcecode.swift; path = AppDelegate.swift; sourceTree = "<group>"; };
		321EAFA620B0670D00C8DE35 /* art.scnassets */ = {isa = PBXFileReference; lastKnownFileType = wrapper.scnassets; path = art.scnassets; sourceTree = "<group>"; };
		321EAFA820B0670E00C8DE35 /* MedicionesViewController.swift */ = {isa = PBXFileReference; lastKnownFileType = sourcecode.swift; path = MedicionesViewController.swift; sourceTree = "<group>"; };
		321EAFAB20B0670E00C8DE35 /* Base */ = {isa = PBXFileReference; lastKnownFileType = file.storyboard; name = Base; path = Base.lproj/Main.storyboard; sourceTree = "<group>"; };
		321EAFAD20B0671E00C8DE35 /* Assets.xcassets */ = {isa = PBXFileReference; lastKnownFileType = folder.assetcatalog; path = Assets.xcassets; sourceTree = "<group>"; };
		321EAFB020B0671E00C8DE35 /* Base */ = {isa = PBXFileReference; lastKnownFileType = file.storyboard; name = Base; path = Base.lproj/LaunchScreen.storyboard; sourceTree = "<group>"; };
		321EAFB220B0671E00C8DE35 /* Info.plist */ = {isa = PBXFileReference; lastKnownFileType = text.plist.xml; path = Info.plist; sourceTree = "<group>"; };
		321EAFB820B07A0A00C8DE35 /* InicioViewController.swift */ = {isa = PBXFileReference; lastKnownFileType = sourcecode.swift; path = InicioViewController.swift; sourceTree = "<group>"; };
		321EAFBA20B07A3A00C8DE35 /* RegistroViewController.swift */ = {isa = PBXFileReference; lastKnownFileType = sourcecode.swift; path = RegistroViewController.swift; sourceTree = "<group>"; };
		321EAFBC20B07A4C00C8DE35 /* IniciarSesionViewController.swift */ = {isa = PBXFileReference; lastKnownFileType = sourcecode.swift; path = IniciarSesionViewController.swift; sourceTree = "<group>"; };
		321EAFBE20B07A5800C8DE35 /* FormularioViewController.swift */ = {isa = PBXFileReference; lastKnownFileType = sourcecode.swift; path = FormularioViewController.swift; sourceTree = "<group>"; };
		321EAFC020B07C3600C8DE35 /* GoogleService-Info-2.plist */ = {isa = PBXFileReference; fileEncoding = 4; lastKnownFileType = text.plist.xml; path = "GoogleService-Info-2.plist"; sourceTree = "<group>"; };
		A42389FFCB22C5932F20CE0D /* Pods_Nutrey.framework */ = {isa = PBXFileReference; explicitFileType = wrapper.framework; includeInIndex = 0; path = Pods_Nutrey.framework; sourceTree = BUILT_PRODUCTS_DIR; };
		D586E608DF21C9C8A51370BA /* Pods-Nutrey.release.xcconfig */ = {isa = PBXFileReference; includeInIndex = 1; lastKnownFileType = text.xcconfig; name = "Pods-Nutrey.release.xcconfig"; path = "Pods/Target Support Files/Pods-Nutrey/Pods-Nutrey.release.xcconfig"; sourceTree = "<group>"; };
		FCEC846B45FBFD19B2FD6E43 /* Pods-Nutrey.debug.xcconfig */ = {isa = PBXFileReference; includeInIndex = 1; lastKnownFileType = text.xcconfig; name = "Pods-Nutrey.debug.xcconfig"; path = "Pods/Target Support Files/Pods-Nutrey/Pods-Nutrey.debug.xcconfig"; sourceTree = "<group>"; };
/* End PBXFileReference section */

/* Begin PBXFrameworksBuildPhase section */
		321EAF9E20B0670B00C8DE35 /* Frameworks */ = {
			isa = PBXFrameworksBuildPhase;
			buildActionMask = 2147483647;
			files = (
				8B6142C5E7D9ED9A979A834E /* Pods_Nutrey.framework in Frameworks */,
			);
			runOnlyForDeploymentPostprocessing = 0;
		};
/* End PBXFrameworksBuildPhase section */

/* Begin PBXGroup section */
		30F8092168F206579CE63E8D /* Frameworks */ = {
			isa = PBXGroup;
			children = (
				A42389FFCB22C5932F20CE0D /* Pods_Nutrey.framework */,
			);
			name = Frameworks;
			sourceTree = "<group>";
		};
		321EAF9820B0670A00C8DE35 = {
			isa = PBXGroup;
			children = (
				321EAFA320B0670C00C8DE35 /* Nutrey */,
				321EAFA220B0670C00C8DE35 /* Products */,
				644684CD5C575C9670E4C9DD /* Pods */,
				30F8092168F206579CE63E8D /* Frameworks */,
			);
			sourceTree = "<group>";
		};
		321EAFA220B0670C00C8DE35 /* Products */ = {
			isa = PBXGroup;
			children = (
				321EAFA120B0670C00C8DE35 /* Nutrey.app */,
			);
			name = Products;
			sourceTree = "<group>";
		};
		321EAFA320B0670C00C8DE35 /* Nutrey */ = {
			isa = PBXGroup;
			children = (
				321EAFA620B0670D00C8DE35 /* art.scnassets */,
				321EAFC320B07CB700C8DE35 /* View */,
				321EAFC220B07C8700C8DE35 /* Controller */,
				321EAFAD20B0671E00C8DE35 /* Assets.xcassets */,
				321EAFB220B0671E00C8DE35 /* Info.plist */,
				321EAFC020B07C3600C8DE35 /* GoogleService-Info-2.plist */,
			);
			path = Nutrey;
			sourceTree = "<group>";
		};
		321EAFC220B07C8700C8DE35 /* Controller */ = {
			isa = PBXGroup;
			children = (
				321EAFA420B0670C00C8DE35 /* AppDelegate.swift */,
				321EAFB820B07A0A00C8DE35 /* InicioViewController.swift */,
				321EAFBA20B07A3A00C8DE35 /* RegistroViewController.swift */,
				321EAFBC20B07A4C00C8DE35 /* IniciarSesionViewController.swift */,
				321EAFBE20B07A5800C8DE35 /* FormularioViewController.swift */,
				321EAFA820B0670E00C8DE35 /* MedicionesViewController.swift */,
			);
			path = Controller;
			sourceTree = "<group>";
		};
		321EAFC320B07CB700C8DE35 /* View */ = {
			isa = PBXGroup;
			children = (
				321EAFAA20B0670E00C8DE35 /* Main.storyboard */,
				321EAFAF20B0671E00C8DE35 /* LaunchScreen.storyboard */,
			);
			path = View;
			sourceTree = "<group>";
		};
		644684CD5C575C9670E4C9DD /* Pods */ = {
			isa = PBXGroup;
			children = (
				FCEC846B45FBFD19B2FD6E43 /* Pods-Nutrey.debug.xcconfig */,
				D586E608DF21C9C8A51370BA /* Pods-Nutrey.release.xcconfig */,
			);
			name = Pods;
			sourceTree = "<group>";
		};
/* End PBXGroup section */

/* Begin PBXNativeTarget section */
		321EAFA020B0670B00C8DE35 /* Nutrey */ = {
			isa = PBXNativeTarget;
			buildConfigurationList = 321EAFB520B0671E00C8DE35 /* Build configuration list for PBXNativeTarget "Nutrey" */;
			buildPhases = (
				F9851F1D273A500F4DD92054 /* [CP] Check Pods Manifest.lock */,
				321EAF9D20B0670B00C8DE35 /* Sources */,
				321EAF9E20B0670B00C8DE35 /* Frameworks */,
				321EAF9F20B0670B00C8DE35 /* Resources */,
				72666C65D3BD7C4BA7C25DB5 /* [CP] Embed Pods Frameworks */,
				3E9723948BAF9961E1E8774A /* [CP] Copy Pods Resources */,
			);
			buildRules = (
			);
			dependencies = (
			);
			name = Nutrey;
			productName = Nutrey;
			productReference = 321EAFA120B0670C00C8DE35 /* Nutrey.app */;
			productType = "com.apple.product-type.application";
		};
/* End PBXNativeTarget section */

/* Begin PBXProject section */
		321EAF9920B0670B00C8DE35 /* Project object */ = {
			isa = PBXProject;
			attributes = {
				LastSwiftUpdateCheck = 0930;
				LastUpgradeCheck = 0930;
				ORGANIZATIONNAME = "Manuela Garcia";
				TargetAttributes = {
					321EAFA020B0670B00C8DE35 = {
						CreatedOnToolsVersion = 9.3.1;
					};
				};
			};
			buildConfigurationList = 321EAF9C20B0670B00C8DE35 /* Build configuration list for PBXProject "Nutrey" */;
			compatibilityVersion = "Xcode 9.3";
			developmentRegion = en;
			hasScannedForEncodings = 0;
			knownRegions = (
				en,
				Base,
			);
			mainGroup = 321EAF9820B0670A00C8DE35;
			productRefGroup = 321EAFA220B0670C00C8DE35 /* Products */;
			projectDirPath = "";
			projectRoot = "";
			targets = (
				321EAFA020B0670B00C8DE35 /* Nutrey */,
			);
		};
/* End PBXProject section */

/* Begin PBXResourcesBuildPhase section */
		321EAF9F20B0670B00C8DE35 /* Resources */ = {
			isa = PBXResourcesBuildPhase;
			buildActionMask = 2147483647;
			files = (
				321EAFC120B07C3600C8DE35 /* GoogleService-Info-2.plist in Resources */,
				321EAFA720B0670D00C8DE35 /* art.scnassets in Resources */,
				321EAFB120B0671E00C8DE35 /* LaunchScreen.storyboard in Resources */,
				321EAFAE20B0671E00C8DE35 /* Assets.xcassets in Resources */,
				321EAFAC20B0670E00C8DE35 /* Main.storyboard in Resources */,
			);
			runOnlyForDeploymentPostprocessing = 0;
		};
/* End PBXResourcesBuildPhase section */

/* Begin PBXShellScriptBuildPhase section */
		3E9723948BAF9961E1E8774A /* [CP] Copy Pods Resources */ = {
			isa = PBXShellScriptBuildPhase;
			buildActionMask = 2147483647;
			files = (
			);
			inputPaths = (
			);
			name = "[CP] Copy Pods Resources";
			outputPaths = (
			);
			runOnlyForDeploymentPostprocessing = 0;
			shellPath = /bin/sh;
			shellScript = "\"${SRCROOT}/Pods/Target Support Files/Pods-Nutrey/Pods-Nutrey-resources.sh\"\n";
			showEnvVarsInLog = 0;
		};
		72666C65D3BD7C4BA7C25DB5 /* [CP] Embed Pods Frameworks */ = {
			isa = PBXShellScriptBuildPhase;
			buildActionMask = 2147483647;
			files = (
			);
			inputPaths = (
				"${SRCROOT}/Pods/Target Support Files/Pods-Nutrey/Pods-Nutrey-frameworks.sh",
				"${BUILT_PRODUCTS_DIR}/ChameleonFramework/ChameleonFramework.framework",
				"${BUILT_PRODUCTS_DIR}/GTMSessionFetcher/GTMSessionFetcher.framework",
				"${BUILT_PRODUCTS_DIR}/GoogleToolboxForMac/GoogleToolboxForMac.framework",
				"${BUILT_PRODUCTS_DIR}/SVProgressHUD/SVProgressHUD.framework",
				"${BUILT_PRODUCTS_DIR}/leveldb-library/leveldb.framework",
				"${BUILT_PRODUCTS_DIR}/nanopb/nanopb.framework",
			);
			name = "[CP] Embed Pods Frameworks";
			outputPaths = (
				"${TARGET_BUILD_DIR}/${FRAMEWORKS_FOLDER_PATH}/ChameleonFramework.framework",
				"${TARGET_BUILD_DIR}/${FRAMEWORKS_FOLDER_PATH}/GTMSessionFetcher.framework",
				"${TARGET_BUILD_DIR}/${FRAMEWORKS_FOLDER_PATH}/GoogleToolboxForMac.framework",
				"${TARGET_BUILD_DIR}/${FRAMEWORKS_FOLDER_PATH}/SVProgressHUD.framework",
				"${TARGET_BUILD_DIR}/${FRAMEWORKS_FOLDER_PATH}/leveldb.framework",
				"${TARGET_BUILD_DIR}/${FRAMEWORKS_FOLDER_PATH}/nanopb.framework",
			);
			runOnlyForDeploymentPostprocessing = 0;
			shellPath = /bin/sh;
			shellScript = "\"${SRCROOT}/Pods/Target Support Files/Pods-Nutrey/Pods-Nutrey-frameworks.sh\"\n";
			showEnvVarsInLog = 0;
		};
		F9851F1D273A500F4DD92054 /* [CP] Check Pods Manifest.lock */ = {
			isa = PBXShellScriptBuildPhase;
			buildActionMask = 2147483647;
			files = (
			);
			inputPaths = (
				"${PODS_PODFILE_DIR_PATH}/Podfile.lock",
				"${PODS_ROOT}/Manifest.lock",
			);
			name = "[CP] Check Pods Manifest.lock";
			outputPaths = (
				"$(DERIVED_FILE_DIR)/Pods-Nutrey-checkManifestLockResult.txt",
			);
			runOnlyForDeploymentPostprocessing = 0;
			shellPath = /bin/sh;
			shellScript = "diff \"${PODS_PODFILE_DIR_PATH}/Podfile.lock\" \"${PODS_ROOT}/Manifest.lock\" > /dev/null\nif [ $? != 0 ] ; then\n    # print error to STDERR\n    echo \"error: The sandbox is not in sync with the Podfile.lock. Run 'pod install' or update your CocoaPods installation.\" >&2\n    exit 1\nfi\n# This output is used by Xcode 'outputs' to avoid re-running this script phase.\necho \"SUCCESS\" > \"${SCRIPT_OUTPUT_FILE_0}\"\n";
			showEnvVarsInLog = 0;
		};
/* End PBXShellScriptBuildPhase section */

/* Begin PBXSourcesBuildPhase section */
		321EAF9D20B0670B00C8DE35 /* Sources */ = {
			isa = PBXSourcesBuildPhase;
			buildActionMask = 2147483647;
			files = (
				321EAFA920B0670E00C8DE35 /* MedicionesViewController.swift in Sources */,
				321EAFBB20B07A3A00C8DE35 /* RegistroViewController.swift in Sources */,
				321EAFBF20B07A5800C8DE35 /* FormularioViewController.swift in Sources */,
				321EAFBD20B07A4C00C8DE35 /* IniciarSesionViewController.swift in Sources */,
				321EAFB920B07A0A00C8DE35 /* InicioViewController.swift in Sources */,
				321EAFA520B0670C00C8DE35 /* AppDelegate.swift in Sources */,
			);
			runOnlyForDeploymentPostprocessing = 0;
		};
/* End PBXSourcesBuildPhase section */

/* Begin PBXVariantGroup section */
		321EAFAA20B0670E00C8DE35 /* Main.storyboard */ = {
			isa = PBXVariantGroup;
			children = (
				321EAFAB20B0670E00C8DE35 /* Base */,
			);
			name = Main.storyboard;
			sourceTree = "<group>";
		};
		321EAFAF20B0671E00C8DE35 /* LaunchScreen.storyboard */ = {
			isa = PBXVariantGroup;
			children = (
				321EAFB020B0671E00C8DE35 /* Base */,
			);
			name = LaunchScreen.storyboard;
			sourceTree = "<group>";
		};
/* End PBXVariantGroup section */

/* Begin XCBuildConfiguration section */
		321EAFB320B0671E00C8DE35 /* Debug */ = {
			isa = XCBuildConfiguration;
			buildSettings = {
				ALWAYS_SEARCH_USER_PATHS = NO;
				CLANG_ANALYZER_NONNULL = YES;
				CLANG_ANALYZER_NUMBER_OBJECT_CONVERSION = YES_AGGRESSIVE;
				CLANG_CXX_LANGUAGE_STANDARD = "gnu++14";
				CLANG_CXX_LIBRARY = "libc++";
				CLANG_ENABLE_MODULES = YES;
				CLANG_ENABLE_OBJC_ARC = YES;
				CLANG_ENABLE_OBJC_WEAK = YES;
				CLANG_WARN_BLOCK_CAPTURE_AUTORELEASING = YES;
				CLANG_WARN_BOOL_CONVERSION = YES;
				CLANG_WARN_COMMA = YES;
				CLANG_WARN_CONSTANT_CONVERSION = YES;
				CLANG_WARN_DEPRECATED_OBJC_IMPLEMENTATIONS = YES;
				CLANG_WARN_DIRECT_OBJC_ISA_USAGE = YES_ERROR;
				CLANG_WARN_DOCUMENTATION_COMMENTS = YES;
				CLANG_WARN_EMPTY_BODY = YES;
				CLANG_WARN_ENUM_CONVERSION = YES;
				CLANG_WARN_INFINITE_RECURSION = YES;
				CLANG_WARN_INT_CONVERSION = YES;
				CLANG_WARN_NON_LITERAL_NULL_CONVERSION = YES;
				CLANG_WARN_OBJC_IMPLICIT_RETAIN_SELF = YES;
				CLANG_WARN_OBJC_LITERAL_CONVERSION = YES;
				CLANG_WARN_OBJC_ROOT_CLASS = YES_ERROR;
				CLANG_WARN_RANGE_LOOP_ANALYSIS = YES;
				CLANG_WARN_STRICT_PROTOTYPES = YES;
				CLANG_WARN_SUSPICIOUS_MOVE = YES;
				CLANG_WARN_UNGUARDED_AVAILABILITY = YES_AGGRESSIVE;
				CLANG_WARN_UNREACHABLE_CODE = YES;
				CLANG_WARN__DUPLICATE_METHOD_MATCH = YES;
				CODE_SIGN_IDENTITY = "iPhone Developer";
				COPY_PHASE_STRIP = NO;
				DEBUG_INFORMATION_FORMAT = dwarf;
				ENABLE_STRICT_OBJC_MSGSEND = YES;
				ENABLE_TESTABILITY = YES;
				GCC_C_LANGUAGE_STANDARD = gnu11;
				GCC_DYNAMIC_NO_PIC = NO;
				GCC_NO_COMMON_BLOCKS = YES;
				GCC_OPTIMIZATION_LEVEL = 0;
				GCC_PREPROCESSOR_DEFINITIONS = (
					"DEBUG=1",
					"$(inherited)",
				);
				GCC_WARN_64_TO_32_BIT_CONVERSION = YES;
				GCC_WARN_ABOUT_RETURN_TYPE = YES_ERROR;
				GCC_WARN_UNDECLARED_SELECTOR = YES;
				GCC_WARN_UNINITIALIZED_AUTOS = YES_AGGRESSIVE;
				GCC_WARN_UNUSED_FUNCTION = YES;
				GCC_WARN_UNUSED_VARIABLE = YES;
				IPHONEOS_DEPLOYMENT_TARGET = 10.0;
				MTL_ENABLE_DEBUG_INFO = YES;
				ONLY_ACTIVE_ARCH = YES;
				SDKROOT = iphoneos;
				SWIFT_ACTIVE_COMPILATION_CONDITIONS = DEBUG;
				SWIFT_OPTIMIZATION_LEVEL = "-Onone";
			};
			name = Debug;
		};
		321EAFB420B0671E00C8DE35 /* Release */ = {
			isa = XCBuildConfiguration;
			buildSettings = {
				ALWAYS_SEARCH_USER_PATHS = NO;
				CLANG_ANALYZER_NONNULL = YES;
				CLANG_ANALYZER_NUMBER_OBJECT_CONVERSION = YES_AGGRESSIVE;
				CLANG_CXX_LANGUAGE_STANDARD = "gnu++14";
				CLANG_CXX_LIBRARY = "libc++";
				CLANG_ENABLE_MODULES = YES;
				CLANG_ENABLE_OBJC_ARC = YES;
				CLANG_ENABLE_OBJC_WEAK = YES;
				CLANG_WARN_BLOCK_CAPTURE_AUTORELEASING = YES;
				CLANG_WARN_BOOL_CONVERSION = YES;
				CLANG_WARN_COMMA = YES;
				CLANG_WARN_CONSTANT_CONVERSION = YES;
				CLANG_WARN_DEPRECATED_OBJC_IMPLEMENTATIONS = YES;
				CLANG_WARN_DIRECT_OBJC_ISA_USAGE = YES_ERROR;
				CLANG_WARN_DOCUMENTATION_COMMENTS = YES;
				CLANG_WARN_EMPTY_BODY = YES;
				CLANG_WARN_ENUM_CONVERSION = YES;
				CLANG_WARN_INFINITE_RECURSION = YES;
				CLANG_WARN_INT_CONVERSION = YES;
				CLANG_WARN_NON_LITERAL_NULL_CONVERSION = YES;
				CLANG_WARN_OBJC_IMPLICIT_RETAIN_SELF = YES;
				CLANG_WARN_OBJC_LITERAL_CONVERSION = YES;
				CLANG_WARN_OBJC_ROOT_CLASS = YES_ERROR;
				CLANG_WARN_RANGE_LOOP_ANALYSIS = YES;
				CLANG_WARN_STRICT_PROTOTYPES = YES;
				CLANG_WARN_SUSPICIOUS_MOVE = YES;
				CLANG_WARN_UNGUARDED_AVAILABILITY = YES_AGGRESSIVE;
				CLANG_WARN_UNREACHABLE_CODE = YES;
				CLANG_WARN__DUPLICATE_METHOD_MATCH = YES;
				CODE_SIGN_IDENTITY = "iPhone Developer";
				COPY_PHASE_STRIP = NO;
				DEBUG_INFORMATION_FORMAT = "dwarf-with-dsym";
				ENABLE_NS_ASSERTIONS = NO;
				ENABLE_STRICT_OBJC_MSGSEND = YES;
				GCC_C_LANGUAGE_STANDARD = gnu11;
				GCC_NO_COMMON_BLOCKS = YES;
				GCC_WARN_64_TO_32_BIT_CONVERSION = YES;
				GCC_WARN_ABOUT_RETURN_TYPE = YES_ERROR;
				GCC_WARN_UNDECLARED_SELECTOR = YES;
				GCC_WARN_UNINITIALIZED_AUTOS = YES_AGGRESSIVE;
				GCC_WARN_UNUSED_FUNCTION = YES;
				GCC_WARN_UNUSED_VARIABLE = YES;
				IPHONEOS_DEPLOYMENT_TARGET = 10.0;
				MTL_ENABLE_DEBUG_INFO = NO;
				SDKROOT = iphoneos;
				SWIFT_COMPILATION_MODE = wholemodule;
				SWIFT_OPTIMIZATION_LEVEL = "-O";
				VALIDATE_PRODUCT = YES;
			};
			name = Release;
		};
		321EAFB620B0671E00C8DE35 /* Debug */ = {
			isa = XCBuildConfiguration;
			baseConfigurationReference = FCEC846B45FBFD19B2FD6E43 /* Pods-Nutrey.debug.xcconfig */;
			buildSettings = {
				ASSETCATALOG_COMPILER_APPICON_NAME = AppIcon;
				CODE_SIGN_STYLE = Automatic;
				DEVELOPMENT_TEAM = Y8E5YT8AUH;
				INFOPLIST_FILE = Nutrey/Info.plist;
				IPHONEOS_DEPLOYMENT_TARGET = 11.0;
				LD_RUNPATH_SEARCH_PATHS = (
					"$(inherited)",
					"@executable_path/Frameworks",
				);
				PRODUCT_BUNDLE_IDENTIFIER = com.MG.Nutrey;
				PRODUCT_NAME = "$(TARGET_NAME)";
				SWIFT_VERSION = 4.0;
				TARGETED_DEVICE_FAMILY = "1,2";
			};
			name = Debug;
		};
		321EAFB720B0671E00C8DE35 /* Release */ = {
			isa = XCBuildConfiguration;
			baseConfigurationReference = D586E608DF21C9C8A51370BA /* Pods-Nutrey.release.xcconfig */;
			buildSettings = {
				ASSETCATALOG_COMPILER_APPICON_NAME = AppIcon;
				CODE_SIGN_STYLE = Automatic;
				DEVELOPMENT_TEAM = Y8E5YT8AUH;
				INFOPLIST_FILE = Nutrey/Info.plist;
				IPHONEOS_DEPLOYMENT_TARGET = 11.0;
				LD_RUNPATH_SEARCH_PATHS = (
					"$(inherited)",
					"@executable_path/Frameworks",
				);
				PRODUCT_BUNDLE_IDENTIFIER = com.MG.Nutrey;
				PRODUCT_NAME = "$(TARGET_NAME)";
				SWIFT_VERSION = 4.0;
				TARGETED_DEVICE_FAMILY = "1,2";
			};
			name = Release;
		};
/* End XCBuildConfiguration section */

/* Begin XCConfigurationList section */
		321EAF9C20B0670B00C8DE35 /* Build configuration list for PBXProject "Nutrey" */ = {
			isa = XCConfigurationList;
			buildConfigurations = (
				321EAFB320B0671E00C8DE35 /* Debug */,
				321EAFB420B0671E00C8DE35 /* Release */,
			);
			defaultConfigurationIsVisible = 0;
			defaultConfigurationName = Release;
		};
		321EAFB520B0671E00C8DE35 /* Build configuration list for PBXNativeTarget "Nutrey" */ = {
			isa = XCConfigurationList;
			buildConfigurations = (
				321EAFB620B0671E00C8DE35 /* Debug */,
				321EAFB720B0671E00C8DE35 /* Release */,
			);
			defaultConfigurationIsVisible = 0;
			defaultConfigurationName = Release;
		};
/* End XCConfigurationList section */
	};
	rootObject = 321EAF9920B0670B00C8DE35 /* Project object */;
}
